// !$*UTF8*$!
{
	archiveVersion = 1;
	classes = {
	};
	objectVersion = 50;
	objects = {

/* Begin PBXBuildFile section */
		9746152A25B58E4900C3B8D9 /* AppDelegate.swift in Sources */ = {isa = PBXBuildFile; fileRef = 9746152925B58E4900C3B8D9 /* AppDelegate.swift */; };
		9746152C25B58E4900C3B8D9 /* SceneDelegate.swift in Sources */ = {isa = PBXBuildFile; fileRef = 9746152B25B58E4900C3B8D9 /* SceneDelegate.swift */; };
		9746152E25B58E4900C3B8D9 /* ViewController.swift in Sources */ = {isa = PBXBuildFile; fileRef = 9746152D25B58E4900C3B8D9 /* ViewController.swift */; };
		9746153125B58E4900C3B8D9 /* Main.storyboard in Resources */ = {isa = PBXBuildFile; fileRef = 9746152F25B58E4900C3B8D9 /* Main.storyboard */; };
		9746153325B58E4C00C3B8D9 /* Assets.xcassets in Resources */ = {isa = PBXBuildFile; fileRef = 9746153225B58E4C00C3B8D9 /* Assets.xcassets */; };
		9746153625B58E4C00C3B8D9 /* LaunchScreen.storyboard in Resources */ = {isa = PBXBuildFile; fileRef = 9746153425B58E4C00C3B8D9 /* LaunchScreen.storyboard */; };
		9746154125B58E4C00C3B8D9 /* WoW_Simple_ArmoryTests.swift in Sources */ = {isa = PBXBuildFile; fileRef = 9746154025B58E4C00C3B8D9 /* WoW_Simple_ArmoryTests.swift */; };
		9746154C25B58E4C00C3B8D9 /* WoW_Simple_ArmoryUITests.swift in Sources */ = {isa = PBXBuildFile; fileRef = 9746154B25B58E4C00C3B8D9 /* WoW_Simple_ArmoryUITests.swift */; };
		9746156925B59F0500C3B8D9 /* ArmoryManager.swift in Sources */ = {isa = PBXBuildFile; fileRef = 9746156825B59F0500C3B8D9 /* ArmoryManager.swift */; };
		9746157B25BECDAA00C3B8D9 /* AmoryData.swift in Sources */ = {isa = PBXBuildFile; fileRef = 9746157A25BECDA900C3B8D9 /* AmoryData.swift */; };
		9746159025C188F700C3B8D9 /* ArmoryModel.swift in Sources */ = {isa = PBXBuildFile; fileRef = 9746158F25C188F700C3B8D9 /* ArmoryModel.swift */; };
/* End PBXBuildFile section */

/* Begin PBXContainerItemProxy section */
		9746153D25B58E4C00C3B8D9 /* PBXContainerItemProxy */ = {
			isa = PBXContainerItemProxy;
			containerPortal = 9746151E25B58E4900C3B8D9 /* Project object */;
			proxyType = 1;
			remoteGlobalIDString = 9746152525B58E4900C3B8D9;
			remoteInfo = "WoW Simple Armory";
		};
		9746154825B58E4C00C3B8D9 /* PBXContainerItemProxy */ = {
			isa = PBXContainerItemProxy;
			containerPortal = 9746151E25B58E4900C3B8D9 /* Project object */;
			proxyType = 1;
			remoteGlobalIDString = 9746152525B58E4900C3B8D9;
			remoteInfo = "WoW Simple Armory";
		};
/* End PBXContainerItemProxy section */

/* Begin PBXFileReference section */
		9746152625B58E4900C3B8D9 /* WoW Simple Armory.app */ = {isa = PBXFileReference; explicitFileType = wrapper.application; includeInIndex = 0; path = "WoW Simple Armory.app"; sourceTree = BUILT_PRODUCTS_DIR; };
		9746152925B58E4900C3B8D9 /* AppDelegate.swift */ = {isa = PBXFileReference; lastKnownFileType = sourcecode.swift; path = AppDelegate.swift; sourceTree = "<group>"; };
		9746152B25B58E4900C3B8D9 /* SceneDelegate.swift */ = {isa = PBXFileReference; lastKnownFileType = sourcecode.swift; path = SceneDelegate.swift; sourceTree = "<group>"; };
		9746152D25B58E4900C3B8D9 /* ViewController.swift */ = {isa = PBXFileReference; lastKnownFileType = sourcecode.swift; path = ViewController.swift; sourceTree = "<group>"; };
		9746153025B58E4900C3B8D9 /* Base */ = {isa = PBXFileReference; lastKnownFileType = file.storyboard; name = Base; path = Base.lproj/Main.storyboard; sourceTree = "<group>"; };
		9746153225B58E4C00C3B8D9 /* Assets.xcassets */ = {isa = PBXFileReference; lastKnownFileType = folder.assetcatalog; path = Assets.xcassets; sourceTree = "<group>"; };
		9746153525B58E4C00C3B8D9 /* Base */ = {isa = PBXFileReference; lastKnownFileType = file.storyboard; name = Base; path = Base.lproj/LaunchScreen.storyboard; sourceTree = "<group>"; };
		9746153725B58E4C00C3B8D9 /* Info.plist */ = {isa = PBXFileReference; lastKnownFileType = text.plist.xml; path = Info.plist; sourceTree = "<group>"; };
		9746153C25B58E4C00C3B8D9 /* WoW Simple ArmoryTests.xctest */ = {isa = PBXFileReference; explicitFileType = wrapper.cfbundle; includeInIndex = 0; path = "WoW Simple ArmoryTests.xctest"; sourceTree = BUILT_PRODUCTS_DIR; };
		9746154025B58E4C00C3B8D9 /* WoW_Simple_ArmoryTests.swift */ = {isa = PBXFileReference; lastKnownFileType = sourcecode.swift; path = WoW_Simple_ArmoryTests.swift; sourceTree = "<group>"; };
		9746154225B58E4C00C3B8D9 /* Info.plist */ = {isa = PBXFileReference; lastKnownFileType = text.plist.xml; path = Info.plist; sourceTree = "<group>"; };
		9746154725B58E4C00C3B8D9 /* WoW Simple ArmoryUITests.xctest */ = {isa = PBXFileReference; explicitFileType = wrapper.cfbundle; includeInIndex = 0; path = "WoW Simple ArmoryUITests.xctest"; sourceTree = BUILT_PRODUCTS_DIR; };
		9746154B25B58E4C00C3B8D9 /* WoW_Simple_ArmoryUITests.swift */ = {isa = PBXFileReference; lastKnownFileType = sourcecode.swift; path = WoW_Simple_ArmoryUITests.swift; sourceTree = "<group>"; };
		9746154D25B58E4C00C3B8D9 /* Info.plist */ = {isa = PBXFileReference; lastKnownFileType = text.plist.xml; path = Info.plist; sourceTree = "<group>"; };
		9746156825B59F0500C3B8D9 /* ArmoryManager.swift */ = {isa = PBXFileReference; lastKnownFileType = sourcecode.swift; path = ArmoryManager.swift; sourceTree = "<group>"; };
		9746157A25BECDA900C3B8D9 /* AmoryData.swift */ = {isa = PBXFileReference; lastKnownFileType = sourcecode.swift; path = AmoryData.swift; sourceTree = "<group>"; };
		9746158F25C188F700C3B8D9 /* ArmoryModel.swift */ = {isa = PBXFileReference; lastKnownFileType = sourcecode.swift; path = ArmoryModel.swift; sourceTree = "<group>"; };
/* End PBXFileReference section */

/* Begin PBXFrameworksBuildPhase section */
		9746152325B58E4900C3B8D9 /* Frameworks */ = {
			isa = PBXFrameworksBuildPhase;
			buildActionMask = 2147483647;
			files = (
			);
			runOnlyForDeploymentPostprocessing = 0;
		};
		9746153925B58E4C00C3B8D9 /* Frameworks */ = {
			isa = PBXFrameworksBuildPhase;
			buildActionMask = 2147483647;
			files = (
			);
			runOnlyForDeploymentPostprocessing = 0;
		};
		9746154425B58E4C00C3B8D9 /* Frameworks */ = {
			isa = PBXFrameworksBuildPhase;
			buildActionMask = 2147483647;
			files = (
			);
			runOnlyForDeploymentPostprocessing = 0;
		};
/* End PBXFrameworksBuildPhase section */

/* Begin PBXGroup section */
		9746151D25B58E4900C3B8D9 = {
			isa = PBXGroup;
			children = (
				9746152825B58E4900C3B8D9 /* WoW Simple Armory */,
				9746153F25B58E4C00C3B8D9 /* WoW Simple ArmoryTests */,
				9746154A25B58E4C00C3B8D9 /* WoW Simple ArmoryUITests */,
				9746152725B58E4900C3B8D9 /* Products */,
			);
			sourceTree = "<group>";
		};
		9746152725B58E4900C3B8D9 /* Products */ = {
			isa = PBXGroup;
			children = (
				9746152625B58E4900C3B8D9 /* WoW Simple Armory.app */,
				9746153C25B58E4C00C3B8D9 /* WoW Simple ArmoryTests.xctest */,
				9746154725B58E4C00C3B8D9 /* WoW Simple ArmoryUITests.xctest */,
			);
			name = Products;
			sourceTree = "<group>";
		};
		9746152825B58E4900C3B8D9 /* WoW Simple Armory */ = {
			isa = PBXGroup;
			children = (
				9746152925B58E4900C3B8D9 /* AppDelegate.swift */,
				9746152B25B58E4900C3B8D9 /* SceneDelegate.swift */,
				9746156125B58EB400C3B8D9 /* Model */,
				9746156025B58EA300C3B8D9 /* View */,
				9746155C25B58E7B00C3B8D9 /* Controller */,
				9746153225B58E4C00C3B8D9 /* Assets.xcassets */,
				9746153425B58E4C00C3B8D9 /* LaunchScreen.storyboard */,
				9746153725B58E4C00C3B8D9 /* Info.plist */,
			);
			path = "WoW Simple Armory";
			sourceTree = "<group>";
		};
		9746153F25B58E4C00C3B8D9 /* WoW Simple ArmoryTests */ = {
			isa = PBXGroup;
			children = (
				9746154025B58E4C00C3B8D9 /* WoW_Simple_ArmoryTests.swift */,
				9746154225B58E4C00C3B8D9 /* Info.plist */,
			);
			path = "WoW Simple ArmoryTests";
			sourceTree = "<group>";
		};
		9746154A25B58E4C00C3B8D9 /* WoW Simple ArmoryUITests */ = {
			isa = PBXGroup;
			children = (
				9746154B25B58E4C00C3B8D9 /* WoW_Simple_ArmoryUITests.swift */,
				9746154D25B58E4C00C3B8D9 /* Info.plist */,
			);
			path = "WoW Simple ArmoryUITests";
			sourceTree = "<group>";
		};
		9746155C25B58E7B00C3B8D9 /* Controller */ = {
			isa = PBXGroup;
			children = (
				9746152D25B58E4900C3B8D9 /* ViewController.swift */,
			);
			path = Controller;
			sourceTree = "<group>";
		};
		9746156025B58EA300C3B8D9 /* View */ = {
			isa = PBXGroup;
			children = (
				9746152F25B58E4900C3B8D9 /* Main.storyboard */,
			);
			path = View;
			sourceTree = "<group>";
		};
		9746156125B58EB400C3B8D9 /* Model */ = {
			isa = PBXGroup;
			children = (
				9746156825B59F0500C3B8D9 /* ArmoryManager.swift */,
				9746157A25BECDA900C3B8D9 /* AmoryData.swift */,
				9746158F25C188F700C3B8D9 /* ArmoryModel.swift */,
			);
			path = Model;
			sourceTree = "<group>";
		};
/* End PBXGroup section */

/* Begin PBXNativeTarget section */
		9746152525B58E4900C3B8D9 /* WoW Simple Armory */ = {
			isa = PBXNativeTarget;
			buildConfigurationList = 9746155025B58E4C00C3B8D9 /* Build configuration list for PBXNativeTarget "WoW Simple Armory" */;
			buildPhases = (
				9746152225B58E4900C3B8D9 /* Sources */,
				9746152325B58E4900C3B8D9 /* Frameworks */,
				9746152425B58E4900C3B8D9 /* Resources */,
			);
			buildRules = (
			);
			dependencies = (
			);
			name = "WoW Simple Armory";
			productName = "WoW Simple Armory";
			productReference = 9746152625B58E4900C3B8D9 /* WoW Simple Armory.app */;
			productType = "com.apple.product-type.application";
		};
		9746153B25B58E4C00C3B8D9 /* WoW Simple ArmoryTests */ = {
			isa = PBXNativeTarget;
			buildConfigurationList = 9746155325B58E4C00C3B8D9 /* Build configuration list for PBXNativeTarget "WoW Simple ArmoryTests" */;
			buildPhases = (
				9746153825B58E4C00C3B8D9 /* Sources */,
				9746153925B58E4C00C3B8D9 /* Frameworks */,
				9746153A25B58E4C00C3B8D9 /* Resources */,
			);
			buildRules = (
			);
			dependencies = (
				9746153E25B58E4C00C3B8D9 /* PBXTargetDependency */,
			);
			name = "WoW Simple ArmoryTests";
			productName = "WoW Simple ArmoryTests";
			productReference = 9746153C25B58E4C00C3B8D9 /* WoW Simple ArmoryTests.xctest */;
			productType = "com.apple.product-type.bundle.unit-test";
		};
		9746154625B58E4C00C3B8D9 /* WoW Simple ArmoryUITests */ = {
			isa = PBXNativeTarget;
			buildConfigurationList = 9746155625B58E4C00C3B8D9 /* Build configuration list for PBXNativeTarget "WoW Simple ArmoryUITests" */;
			buildPhases = (
				9746154325B58E4C00C3B8D9 /* Sources */,
				9746154425B58E4C00C3B8D9 /* Frameworks */,
				9746154525B58E4C00C3B8D9 /* Resources */,
			);
			buildRules = (
			);
			dependencies = (
				9746154925B58E4C00C3B8D9 /* PBXTargetDependency */,
			);
			name = "WoW Simple ArmoryUITests";
			productName = "WoW Simple ArmoryUITests";
			productReference = 9746154725B58E4C00C3B8D9 /* WoW Simple ArmoryUITests.xctest */;
			productType = "com.apple.product-type.bundle.ui-testing";
		};
/* End PBXNativeTarget section */

/* Begin PBXProject section */
		9746151E25B58E4900C3B8D9 /* Project object */ = {
			isa = PBXProject;
			attributes = {
				LastSwiftUpdateCheck = 1230;
				LastUpgradeCheck = 1230;
				TargetAttributes = {
					9746152525B58E4900C3B8D9 = {
						CreatedOnToolsVersion = 12.3;
					};
					9746153B25B58E4C00C3B8D9 = {
						CreatedOnToolsVersion = 12.3;
						TestTargetID = 9746152525B58E4900C3B8D9;
					};
					9746154625B58E4C00C3B8D9 = {
						CreatedOnToolsVersion = 12.3;
						TestTargetID = 9746152525B58E4900C3B8D9;
					};
				};
			};
			buildConfigurationList = 9746152125B58E4900C3B8D9 /* Build configuration list for PBXProject "WoW Simple Armory" */;
			compatibilityVersion = "Xcode 9.3";
			developmentRegion = en;
			hasScannedForEncodings = 0;
			knownRegions = (
				en,
				Base,
			);
			mainGroup = 9746151D25B58E4900C3B8D9;
			productRefGroup = 9746152725B58E4900C3B8D9 /* Products */;
			projectDirPath = "";
			projectRoot = "";
			targets = (
				9746152525B58E4900C3B8D9 /* WoW Simple Armory */,
				9746153B25B58E4C00C3B8D9 /* WoW Simple ArmoryTests */,
				9746154625B58E4C00C3B8D9 /* WoW Simple ArmoryUITests */,
			);
		};
/* End PBXProject section */

/* Begin PBXResourcesBuildPhase section */
		9746152425B58E4900C3B8D9 /* Resources */ = {
			isa = PBXResourcesBuildPhase;
			buildActionMask = 2147483647;
			files = (
				9746153625B58E4C00C3B8D9 /* LaunchScreen.storyboard in Resources */,
				9746153325B58E4C00C3B8D9 /* Assets.xcassets in Resources */,
				9746153125B58E4900C3B8D9 /* Main.storyboard in Resources */,
			);
			runOnlyForDeploymentPostprocessing = 0;
		};
		9746153A25B58E4C00C3B8D9 /* Resources */ = {
			isa = PBXResourcesBuildPhase;
			buildActionMask = 2147483647;
			files = (
			);
			runOnlyForDeploymentPostprocessing = 0;
		};
		9746154525B58E4C00C3B8D9 /* Resources */ = {
			isa = PBXResourcesBuildPhase;
			buildActionMask = 2147483647;
			files = (
			);
			runOnlyForDeploymentPostprocessing = 0;
		};
/* End PBXResourcesBuildPhase section */

/* Begin PBXSourcesBuildPhase section */
		9746152225B58E4900C3B8D9 /* Sources */ = {
			isa = PBXSourcesBuildPhase;
			buildActionMask = 2147483647;
			files = (
				9746152E25B58E4900C3B8D9 /* ViewController.swift in Sources */,
				9746152A25B58E4900C3B8D9 /* AppDelegate.swift in Sources */,
				9746157B25BECDAA00C3B8D9 /* AmoryData.swift in Sources */,
				9746159025C188F700C3B8D9 /* ArmoryModel.swift in Sources */,
				9746152C25B58E4900C3B8D9 /* SceneDelegate.swift in Sources */,
				9746156925B59F0500C3B8D9 /* ArmoryManager.swift in Sources */,
			);
			runOnlyForDeploymentPostprocessing = 0;
		};
		9746153825B58E4C00C3B8D9 /* Sources */ = {
			isa = PBXSourcesBuildPhase;
			buildActionMask = 2147483647;
			files = (
				9746154125B58E4C00C3B8D9 /* WoW_Simple_ArmoryTests.swift in Sources */,
			);
			runOnlyForDeploymentPostprocessing = 0;
		};
		9746154325B58E4C00C3B8D9 /* Sources */ = {
			isa = PBXSourcesBuildPhase;
			buildActionMask = 2147483647;
			files = (
				9746154C25B58E4C00C3B8D9 /* WoW_Simple_ArmoryUITests.swift in Sources */,
			);
			runOnlyForDeploymentPostprocessing = 0;
		};
/* End PBXSourcesBuildPhase section */

/* Begin PBXTargetDependency section */
		9746153E25B58E4C00C3B8D9 /* PBXTargetDependency */ = {
			isa = PBXTargetDependency;
			target = 9746152525B58E4900C3B8D9 /* WoW Simple Armory */;
			targetProxy = 9746153D25B58E4C00C3B8D9 /* PBXContainerItemProxy */;
		};
		9746154925B58E4C00C3B8D9 /* PBXTargetDependency */ = {
			isa = PBXTargetDependency;
			target = 9746152525B58E4900C3B8D9 /* WoW Simple Armory */;
			targetProxy = 9746154825B58E4C00C3B8D9 /* PBXContainerItemProxy */;
		};
/* End PBXTargetDependency section */

/* Begin PBXVariantGroup section */
		9746152F25B58E4900C3B8D9 /* Main.storyboard */ = {
			isa = PBXVariantGroup;
			children = (
				9746153025B58E4900C3B8D9 /* Base */,
			);
			name = Main.storyboard;
			sourceTree = "<group>";
		};
		9746153425B58E4C00C3B8D9 /* LaunchScreen.storyboard */ = {
			isa = PBXVariantGroup;
			children = (
				9746153525B58E4C00C3B8D9 /* Base */,
			);
			name = LaunchScreen.storyboard;
			sourceTree = "<group>";
		};
/* End PBXVariantGroup section */

/* Begin XCBuildConfiguration section */
		9746154E25B58E4C00C3B8D9 /* Debug */ = {
			isa = XCBuildConfiguration;
			buildSettings = {
				ALWAYS_SEARCH_USER_PATHS = NO;
				CLANG_ANALYZER_NONNULL = YES;
				CLANG_ANALYZER_NUMBER_OBJECT_CONVERSION = YES_AGGRESSIVE;
				CLANG_CXX_LANGUAGE_STANDARD = "gnu++14";
				CLANG_CXX_LIBRARY = "libc++";
				CLANG_ENABLE_MODULES = YES;
				CLANG_ENABLE_OBJC_ARC = YES;
				CLANG_ENABLE_OBJC_WEAK = YES;
				CLANG_WARN_BLOCK_CAPTURE_AUTORELEASING = YES;
				CLANG_WARN_BOOL_CONVERSION = YES;
				CLANG_WARN_COMMA = YES;
				CLANG_WARN_CONSTANT_CONVERSION = YES;
				CLANG_WARN_DEPRECATED_OBJC_IMPLEMENTATIONS = YES;
				CLANG_WARN_DIRECT_OBJC_ISA_USAGE = YES_ERROR;
				CLANG_WARN_DOCUMENTATION_COMMENTS = YES;
				CLANG_WARN_EMPTY_BODY = YES;
				CLANG_WARN_ENUM_CONVERSION = YES;
				CLANG_WARN_INFINITE_RECURSION = YES;
				CLANG_WARN_INT_CONVERSION = YES;
				CLANG_WARN_NON_LITERAL_NULL_CONVERSION = YES;
				CLANG_WARN_OBJC_IMPLICIT_RETAIN_SELF = YES;
				CLANG_WARN_OBJC_LITERAL_CONVERSION = YES;
				CLANG_WARN_OBJC_ROOT_CLASS = YES_ERROR;
				CLANG_WARN_QUOTED_INCLUDE_IN_FRAMEWORK_HEADER = YES;
				CLANG_WARN_RANGE_LOOP_ANALYSIS = YES;
				CLANG_WARN_STRICT_PROTOTYPES = YES;
				CLANG_WARN_SUSPICIOUS_MOVE = YES;
				CLANG_WARN_UNGUARDED_AVAILABILITY = YES_AGGRESSIVE;
				CLANG_WARN_UNREACHABLE_CODE = YES;
				CLANG_WARN__DUPLICATE_METHOD_MATCH = YES;
				COPY_PHASE_STRIP = NO;
				DEBUG_INFORMATION_FORMAT = dwarf;
				ENABLE_STRICT_OBJC_MSGSEND = YES;
				ENABLE_TESTABILITY = YES;
				GCC_C_LANGUAGE_STANDARD = gnu11;
				GCC_DYNAMIC_NO_PIC = NO;
				GCC_NO_COMMON_BLOCKS = YES;
				GCC_OPTIMIZATION_LEVEL = 0;
				GCC_PREPROCESSOR_DEFINITIONS = (
					"DEBUG=1",
					"$(inherited)",
				);
				GCC_WARN_64_TO_32_BIT_CONVERSION = YES;
				GCC_WARN_ABOUT_RETURN_TYPE = YES_ERROR;
				GCC_WARN_UNDECLARED_SELECTOR = YES;
				GCC_WARN_UNINITIALIZED_AUTOS = YES_AGGRESSIVE;
				GCC_WARN_UNUSED_FUNCTION = YES;
				GCC_WARN_UNUSED_VARIABLE = YES;
				IPHONEOS_DEPLOYMENT_TARGET = 14.3;
				MTL_ENABLE_DEBUG_INFO = INCLUDE_SOURCE;
				MTL_FAST_MATH = YES;
				ONLY_ACTIVE_ARCH = YES;
				SDKROOT = iphoneos;
				SWIFT_ACTIVE_COMPILATION_CONDITIONS = DEBUG;
				SWIFT_OPTIMIZATION_LEVEL = "-Onone";
			};
			name = Debug;
		};
		9746154F25B58E4C00C3B8D9 /* Release */ = {
			isa = XCBuildConfiguration;
			buildSettings = {
				ALWAYS_SEARCH_USER_PATHS = NO;
				CLANG_ANALYZER_NONNULL = YES;
				CLANG_ANALYZER_NUMBER_OBJECT_CONVERSION = YES_AGGRESSIVE;
				CLANG_CXX_LANGUAGE_STANDARD = "gnu++14";
				CLANG_CXX_LIBRARY = "libc++";
				CLANG_ENABLE_MODULES = YES;
				CLANG_ENABLE_OBJC_ARC = YES;
				CLANG_ENABLE_OBJC_WEAK = YES;
				CLANG_WARN_BLOCK_CAPTURE_AUTORELEASING = YES;
				CLANG_WARN_BOOL_CONVERSION = YES;
				CLANG_WARN_COMMA = YES;
				CLANG_WARN_CONSTANT_CONVERSION = YES;
				CLANG_WARN_DEPRECATED_OBJC_IMPLEMENTATIONS = YES;
				CLANG_WARN_DIRECT_OBJC_ISA_USAGE = YES_ERROR;
				CLANG_WARN_DOCUMENTATION_COMMENTS = YES;
				CLANG_WARN_EMPTY_BODY = YES;
				CLANG_WARN_ENUM_CONVERSION = YES;
				CLANG_WARN_INFINITE_RECURSION = YES;
				CLANG_WARN_INT_CONVERSION = YES;
				CLANG_WARN_NON_LITERAL_NULL_CONVERSION = YES;
				CLANG_WARN_OBJC_IMPLICIT_RETAIN_SELF = YES;
				CLANG_WARN_OBJC_LITERAL_CONVERSION = YES;
				CLANG_WARN_OBJC_ROOT_CLASS = YES_ERROR;
				CLANG_WARN_QUOTED_INCLUDE_IN_FRAMEWORK_HEADER = YES;
				CLANG_WARN_RANGE_LOOP_ANALYSIS = YES;
				CLANG_WARN_STRICT_PROTOTYPES = YES;
				CLANG_WARN_SUSPICIOUS_MOVE = YES;
				CLANG_WARN_UNGUARDED_AVAILABILITY = YES_AGGRESSIVE;
				CLANG_WARN_UNREACHABLE_CODE = YES;
				CLANG_WARN__DUPLICATE_METHOD_MATCH = YES;
				COPY_PHASE_STRIP = NO;
				DEBUG_INFORMATION_FORMAT = "dwarf-with-dsym";
				ENABLE_NS_ASSERTIONS = NO;
				ENABLE_STRICT_OBJC_MSGSEND = YES;
				GCC_C_LANGUAGE_STANDARD = gnu11;
				GCC_NO_COMMON_BLOCKS = YES;
				GCC_WARN_64_TO_32_BIT_CONVERSION = YES;
				GCC_WARN_ABOUT_RETURN_TYPE = YES_ERROR;
				GCC_WARN_UNDECLARED_SELECTOR = YES;
				GCC_WARN_UNINITIALIZED_AUTOS = YES_AGGRESSIVE;
				GCC_WARN_UNUSED_FUNCTION = YES;
				GCC_WARN_UNUSED_VARIABLE = YES;
				IPHONEOS_DEPLOYMENT_TARGET = 14.3;
				MTL_ENABLE_DEBUG_INFO = NO;
				MTL_FAST_MATH = YES;
				SDKROOT = iphoneos;
				SWIFT_COMPILATION_MODE = wholemodule;
				SWIFT_OPTIMIZATION_LEVEL = "-O";
				VALIDATE_PRODUCT = YES;
			};
			name = Release;
		};
		9746155125B58E4C00C3B8D9 /* Debug */ = {
			isa = XCBuildConfiguration;
			buildSettings = {
				ASSETCATALOG_COMPILER_APPICON_NAME = AppIcon;
				ASSETCATALOG_COMPILER_GLOBAL_ACCENT_COLOR_NAME = AccentColor;
				CODE_SIGN_STYLE = Automatic;
				DEVELOPMENT_TEAM = U6WN45LYYM;
				INFOPLIST_FILE = "WoW Simple Armory/Info.plist";
				LD_RUNPATH_SEARCH_PATHS = (
					"$(inherited)",
					"@executable_path/Frameworks",
				);
				PRODUCT_BUNDLE_IDENTIFIER = "cz.ondrejvele.WoW-Simple-Armory";
				PRODUCT_NAME = "$(TARGET_NAME)";
				SWIFT_VERSION = 5.0;
				TARGETED_DEVICE_FAMILY = "1,2";
			};
			name = Debug;
		};
		9746155225B58E4C00C3B8D9 /* Release */ = {
			isa = XCBuildConfiguration;
			buildSettings = {
				ASSETCATALOG_COMPILER_APPICON_NAME = AppIcon;
				ASSETCATALOG_COMPILER_GLOBAL_ACCENT_COLOR_NAME = AccentColor;
				CODE_SIGN_STYLE = Automatic;
				DEVELOPMENT_TEAM = U6WN45LYYM;
				INFOPLIST_FILE = "WoW Simple Armory/Info.plist";
				LD_RUNPATH_SEARCH_PATHS = (
					"$(inherited)",
					"@executable_path/Frameworks",
				);
				PRODUCT_BUNDLE_IDENTIFIER = "cz.ondrejvele.WoW-Simple-Armory";
				PRODUCT_NAME = "$(TARGET_NAME)";
				SWIFT_VERSION = 5.0;
				TARGETED_DEVICE_FAMILY = "1,2";
			};
			name = Release;
		};
		9746155425B58E4C00C3B8D9 /* Debug */ = {
			isa = XCBuildConfiguration;
			buildSettings = {
				ALWAYS_EMBED_SWIFT_STANDARD_LIBRARIES = YES;
				BUNDLE_LOADER = "$(TEST_HOST)";
				CODE_SIGN_STYLE = Automatic;
				DEVELOPMENT_TEAM = U6WN45LYYM;
				INFOPLIST_FILE = "WoW Simple ArmoryTests/Info.plist";
				IPHONEOS_DEPLOYMENT_TARGET = 14.3;
				LD_RUNPATH_SEARCH_PATHS = (
					"$(inherited)",
					"@executable_path/Frameworks",
					"@loader_path/Frameworks",
				);
				PRODUCT_BUNDLE_IDENTIFIER = "cz.ondrejvele.WoW-Simple-ArmoryTests";
				PRODUCT_NAME = "$(TARGET_NAME)";
				SWIFT_VERSION = 5.0;
				TARGETED_DEVICE_FAMILY = "1,2";
				TEST_HOST = "$(BUILT_PRODUCTS_DIR)/WoW Simple Armory.app/WoW Simple Armory";
			};
			name = Debug;
		};
		9746155525B58E4C00C3B8D9 /* Release */ = {
			isa = XCBuildConfiguration;
			buildSettings = {
				ALWAYS_EMBED_SWIFT_STANDARD_LIBRARIES = YES;
				BUNDLE_LOADER = "$(TEST_HOST)";
				CODE_SIGN_STYLE = Automatic;
				DEVELOPMENT_TEAM = U6WN45LYYM;
				INFOPLIST_FILE = "WoW Simple ArmoryTests/Info.plist";
				IPHONEOS_DEPLOYMENT_TARGET = 14.3;
				LD_RUNPATH_SEARCH_PATHS = (
					"$(inherited)",
					"@executable_path/Frameworks",
					"@loader_path/Frameworks",
				);
				PRODUCT_BUNDLE_IDENTIFIER = "cz.ondrejvele.WoW-Simple-ArmoryTests";
				PRODUCT_NAME = "$(TARGET_NAME)";
				SWIFT_VERSION = 5.0;
				TARGETED_DEVICE_FAMILY = "1,2";
				TEST_HOST = "$(BUILT_PRODUCTS_DIR)/WoW Simple Armory.app/WoW Simple Armory";
			};
			name = Release;
		};
		9746155725B58E4C00C3B8D9 /* Debug */ = {
			isa = XCBuildConfiguration;
			buildSettings = {
				ALWAYS_EMBED_SWIFT_STANDARD_LIBRARIES = YES;
				CODE_SIGN_STYLE = Automatic;
				DEVELOPMENT_TEAM = U6WN45LYYM;
				INFOPLIST_FILE = "WoW Simple ArmoryUITests/Info.plist";
				LD_RUNPATH_SEARCH_PATHS = (
					"$(inherited)",
					"@executable_path/Frameworks",
					"@loader_path/Frameworks",
				);
				PRODUCT_BUNDLE_IDENTIFIER = "cz.ondrejvele.WoW-Simple-ArmoryUITests";
				PRODUCT_NAME = "$(TARGET_NAME)";
				SWIFT_VERSION = 5.0;
				TARGETED_DEVICE_FAMILY = "1,2";
				TEST_TARGET_NAME = "WoW Simple Armory";
			};
			name = Debug;
		};
		9746155825B58E4C00C3B8D9 /* Release */ = {
			isa = XCBuildConfiguration;
			buildSettings = {
				ALWAYS_EMBED_SWIFT_STANDARD_LIBRARIES = YES;
				CODE_SIGN_STYLE = Automatic;
				DEVELOPMENT_TEAM = U6WN45LYYM;
				INFOPLIST_FILE = "WoW Simple ArmoryUITests/Info.plist";
				LD_RUNPATH_SEARCH_PATHS = (
					"$(inherited)",
					"@executable_path/Frameworks",
					"@loader_path/Frameworks",
				);
				PRODUCT_BUNDLE_IDENTIFIER = "cz.ondrejvele.WoW-Simple-ArmoryUITests";
				PRODUCT_NAME = "$(TARGET_NAME)";
				SWIFT_VERSION = 5.0;
				TARGETED_DEVICE_FAMILY = "1,2";
				TEST_TARGET_NAME = "WoW Simple Armory";
			};
			name = Release;
		};
/* End XCBuildConfiguration section */

/* Begin XCConfigurationList section */
		9746152125B58E4900C3B8D9 /* Build configuration list for PBXProject "WoW Simple Armory" */ = {
			isa = XCConfigurationList;
			buildConfigurations = (
				9746154E25B58E4C00C3B8D9 /* Debug */,
				9746154F25B58E4C00C3B8D9 /* Release */,
			);
			defaultConfigurationIsVisible = 0;
			defaultConfigurationName = Release;
		};
		9746155025B58E4C00C3B8D9 /* Build configuration list for PBXNativeTarget "WoW Simple Armory" */ = {
			isa = XCConfigurationList;
			buildConfigurations = (
				9746155125B58E4C00C3B8D9 /* Debug */,
				9746155225B58E4C00C3B8D9 /* Release */,
			);
			defaultConfigurationIsVisible = 0;
			defaultConfigurationName = Release;
		};
		9746155325B58E4C00C3B8D9 /* Build configuration list for PBXNativeTarget "WoW Simple ArmoryTests" */ = {
			isa = XCConfigurationList;
			buildConfigurations = (
				9746155425B58E4C00C3B8D9 /* Debug */,
				9746155525B58E4C00C3B8D9 /* Release */,
			);
			defaultConfigurationIsVisible = 0;
			defaultConfigurationName = Release;
		};
		9746155625B58E4C00C3B8D9 /* Build configuration list for PBXNativeTarget "WoW Simple ArmoryUITests" */ = {
			isa = XCConfigurationList;
			buildConfigurations = (
				9746155725B58E4C00C3B8D9 /* Debug */,
				9746155825B58E4C00C3B8D9 /* Release */,
			);
			defaultConfigurationIsVisible = 0;
			defaultConfigurationName = Release;
		};
/* End XCConfigurationList section */
	};
	rootObject = 9746151E25B58E4900C3B8D9 /* Project object */;
}
